
Microsoft Visual Studio Solution File, Format Version 12.00
# Visual Studio Version 17
VisualStudioVersion = 17.8.34309.116
MinimumVisualStudioVersion = 10.0.40219.1
Project("{2150E333-8FDC-42A3-9474-1A3956D46DE8}") = "90 Presentation", "90 Presentation", "{6A0F5E5E-F167-44B3-B59C-AE3D546FB16B}"
EndProject
Project("{2150E333-8FDC-42A3-9474-1A3956D46DE8}") = "40 ReadModel", "40 ReadModel", "{3C32966B-9E0D-4497-9B4D-188CF532966E}"
EndProject
Project("{2150E333-8FDC-42A3-9474-1A3956D46DE8}") = "30 SharedKernel", "30 SharedKernel", "{0A02363E-4A2F-4C92-B89E-3C06EB4BEBD5}"
EndProject
Project("{2150E333-8FDC-42A3-9474-1A3956D46DE8}") = "10 Domain", "10 Domain", "{4AF13246-BE66-4AC5-BBDD-4474904A26F1}"
EndProject
Project("{2150E333-8FDC-42A3-9474-1A3956D46DE8}") = "50 Facade", "50 Facade", "{253ACF88-5E46-4C9A-980F-24A9D56DB4BC}"
EndProject
Project("{9A19103F-16F7-4668-BE54-9A1E7A4F7556}") = "BrewUpSales", "BrewUpSales\BrewUpSales.csproj", "{684EA63A-9233-42DD-A58B-5E855C1BF074}"
EndProject
Project("{9A19103F-16F7-4668-BE54-9A1E7A4F7556}") = "BrewUpSales.Facade", "BrewUpSales.Facade\BrewUpSales.Facade.csproj", "{71FE20E9-79C4-4212-A7A2-368CEED36615}"
EndProject
Project("{9A19103F-16F7-4668-BE54-9A1E7A4F7556}") = "BrewUpSales.ReadModel", "BrewUpSales.ReadModel\BrewUpSales.ReadModel.csproj", "{5E312C91-6A5B-412B-8A88-5A8F00EC3192}"
EndProject
Project("{9A19103F-16F7-4668-BE54-9A1E7A4F7556}") = "BrewUpSales.Messages", "BrewUpSales.Messages\BrewUpSales.Messages.csproj", "{4053AE2B-5E2F-4685-A5F5-681431A85ABF}"
EndProject
Project("{9A19103F-16F7-4668-BE54-9A1E7A4F7556}") = "BrewUpSales.Shared", "BrewUpSales.Shared\BrewUpSales.Shared.csproj", "{1F9138DA-DC9C-46DD-80C7-411CD447B31F}"
EndProject
Project("{9A19103F-16F7-4668-BE54-9A1E7A4F7556}") = "BrewUpSales.Domain", "BrewUpSales.Domain\BrewUpSales.Domain.csproj", "{DD06CBC2-BF58-449A-8AD4-FA26DE8A01F0}"
EndProject
Project("{2150E333-8FDC-42A3-9474-1A3956D46DE8}") = "Tests", "Tests", "{AFDCC07C-85E3-40C6-B746-C92056258606}"
EndProject
Project("{2150E333-8FDC-42A3-9474-1A3956D46DE8}") = "80 Infrastructures", "80 Infrastructures", "{3319E867-2694-4CFE-88D0-B070F27F3233}"
EndProject
Project("{9A19103F-16F7-4668-BE54-9A1E7A4F7556}") = "BrewUpSales.Infrastructures", "BrewUpSales.Infrastructures\BrewUpSales.Infrastructures.csproj", "{7CAB8577-4E40-49F3-AD46-908901B4D8BE}"
EndProject
Project("{9A19103F-16F7-4668-BE54-9A1E7A4F7556}") = "BrewUpSales.Domain.Tests", "BrewUpSales.Domain.Tests\BrewUpSales.Domain.Tests.csproj", "{3A2AEC3B-D393-4CB1-84A5-DA2F87CE2174}"
EndProject
Global
	GlobalSection(SolutionConfigurationPlatforms) = preSolution
		Debug|Any CPU = Debug|Any CPU
		Release|Any CPU = Release|Any CPU
	EndGlobalSection
	GlobalSection(ProjectConfigurationPlatforms) = postSolution
		{684EA63A-9233-42DD-A58B-5E855C1BF074}.Debug|Any CPU.ActiveCfg = Debug|Any CPU
		{684EA63A-9233-42DD-A58B-5E855C1BF074}.Debug|Any CPU.Build.0 = Debug|Any CPU
		{684EA63A-9233-42DD-A58B-5E855C1BF074}.Release|Any CPU.ActiveCfg = Release|Any CPU
		{684EA63A-9233-42DD-A58B-5E855C1BF074}.Release|Any CPU.Build.0 = Release|Any CPU
		{71FE20E9-79C4-4212-A7A2-368CEED36615}.Debug|Any CPU.ActiveCfg = Debug|Any CPU
		{71FE20E9-79C4-4212-A7A2-368CEED36615}.Debug|Any CPU.Build.0 = Debug|Any CPU
		{71FE20E9-79C4-4212-A7A2-368CEED36615}.Release|Any CPU.ActiveCfg = Release|Any CPU
		{71FE20E9-79C4-4212-A7A2-368CEED36615}.Release|Any CPU.Build.0 = Release|Any CPU
		{5E312C91-6A5B-412B-8A88-5A8F00EC3192}.Debug|Any CPU.ActiveCfg = Debug|Any CPU
		{5E312C91-6A5B-412B-8A88-5A8F00EC3192}.Debug|Any CPU.Build.0 = Debug|Any CPU
		{5E312C91-6A5B-412B-8A88-5A8F00EC3192}.Release|Any CPU.ActiveCfg = Release|Any CPU
		{5E312C91-6A5B-412B-8A88-5A8F00EC3192}.Release|Any CPU.Build.0 = Release|Any CPU
		{4053AE2B-5E2F-4685-A5F5-681431A85ABF}.Debug|Any CPU.ActiveCfg = Debug|Any CPU
		{4053AE2B-5E2F-4685-A5F5-681431A85ABF}.Debug|Any CPU.Build.0 = Debug|Any CPU
		{4053AE2B-5E2F-4685-A5F5-681431A85ABF}.Release|Any CPU.ActiveCfg = Release|Any CPU
		{4053AE2B-5E2F-4685-A5F5-681431A85ABF}.Release|Any CPU.Build.0 = Release|Any CPU
		{1F9138DA-DC9C-46DD-80C7-411CD447B31F}.Debug|Any CPU.ActiveCfg = Debug|Any CPU
		{1F9138DA-DC9C-46DD-80C7-411CD447B31F}.Debug|Any CPU.Build.0 = Debug|Any CPU
		{1F9138DA-DC9C-46DD-80C7-411CD447B31F}.Release|Any CPU.ActiveCfg = Release|Any CPU
		{1F9138DA-DC9C-46DD-80C7-411CD447B31F}.Release|Any CPU.Build.0 = Release|Any CPU
		{DD06CBC2-BF58-449A-8AD4-FA26DE8A01F0}.Debug|Any CPU.ActiveCfg = Debug|Any CPU
		{DD06CBC2-BF58-449A-8AD4-FA26DE8A01F0}.Debug|Any CPU.Build.0 = Debug|Any CPU
		{DD06CBC2-BF58-449A-8AD4-FA26DE8A01F0}.Release|Any CPU.ActiveCfg = Release|Any CPU
		{DD06CBC2-BF58-449A-8AD4-FA26DE8A01F0}.Release|Any CPU.Build.0 = Release|Any CPU
		{7CAB8577-4E40-49F3-AD46-908901B4D8BE}.Debug|Any CPU.ActiveCfg = Debug|Any CPU
		{7CAB8577-4E40-49F3-AD46-908901B4D8BE}.Debug|Any CPU.Build.0 = Debug|Any CPU
		{7CAB8577-4E40-49F3-AD46-908901B4D8BE}.Release|Any CPU.ActiveCfg = Release|Any CPU
		{7CAB8577-4E40-49F3-AD46-908901B4D8BE}.Release|Any CPU.Build.0 = Release|Any CPU
		{3A2AEC3B-D393-4CB1-84A5-DA2F87CE2174}.Debug|Any CPU.ActiveCfg = Debug|Any CPU
		{3A2AEC3B-D393-4CB1-84A5-DA2F87CE2174}.Debug|Any CPU.Build.0 = Debug|Any CPU
		{3A2AEC3B-D393-4CB1-84A5-DA2F87CE2174}.Release|Any CPU.ActiveCfg = Release|Any CPU
		{3A2AEC3B-D393-4CB1-84A5-DA2F87CE2174}.Release|Any CPU.Build.0 = Release|Any CPU
	EndGlobalSection
	GlobalSection(SolutionProperties) = preSolution
		HideSolutionNode = FALSE
	EndGlobalSection
	GlobalSection(NestedProjects) = preSolution
		{684EA63A-9233-42DD-A58B-5E855C1BF074} = {6A0F5E5E-F167-44B3-B59C-AE3D546FB16B}
		{71FE20E9-79C4-4212-A7A2-368CEED36615} = {253ACF88-5E46-4C9A-980F-24A9D56DB4BC}
		{5E312C91-6A5B-412B-8A88-5A8F00EC3192} = {3C32966B-9E0D-4497-9B4D-188CF532966E}
		{4053AE2B-5E2F-4685-A5F5-681431A85ABF} = {0A02363E-4A2F-4C92-B89E-3C06EB4BEBD5}
		{1F9138DA-DC9C-46DD-80C7-411CD447B31F} = {0A02363E-4A2F-4C92-B89E-3C06EB4BEBD5}
		{DD06CBC2-BF58-449A-8AD4-FA26DE8A01F0} = {4AF13246-BE66-4AC5-BBDD-4474904A26F1}
		{AFDCC07C-85E3-40C6-B746-C92056258606} = {4AF13246-BE66-4AC5-BBDD-4474904A26F1}
		{7CAB8577-4E40-49F3-AD46-908901B4D8BE} = {3319E867-2694-4CFE-88D0-B070F27F3233}
		{3A2AEC3B-D393-4CB1-84A5-DA2F87CE2174} = {AFDCC07C-85E3-40C6-B746-C92056258606}
	EndGlobalSection
	GlobalSection(ExtensibilityGlobals) = postSolution
		SolutionGuid = {E65D2AE9-5CE9-4839-863F-856D42647E14}
	EndGlobalSection
EndGlobal
